
Microsoft Visual Studio Solution File, Format Version 12.00
# Visual Studio Version 17
VisualStudioVersion = 17.12.35521.163
MinimumVisualStudioVersion = 10.0.40219.1
Project("{2150E333-8FDC-42A3-9474-1A3956D46DE8}") = "src", "src", "{5735E130-3A18-4C08-B0C1-1DFADCDE4B75}"
EndProject
Project("{2150E333-8FDC-42A3-9474-1A3956D46DE8}") = "Services", "Services", "{3EF4639D-14FA-4CEE-BAA0-E00D00E2A1C9}"
EndProject
Project("{2150E333-8FDC-42A3-9474-1A3956D46DE8}") = "Catalog", "Catalog", "{2C555B37-D8FE-4880-B007-4A90CFAC8333}"
EndProject
Project("{2150E333-8FDC-42A3-9474-1A3956D46DE8}") = "Basket", "Basket", "{11AB041E-C664-4D54-93FB-22D568839E85}"
EndProject
Project("{2150E333-8FDC-42A3-9474-1A3956D46DE8}") = "Order", "Order", "{B7792167-B61F-4A60-92E2-C1DC5A03352C}"
EndProject
Project("{2150E333-8FDC-42A3-9474-1A3956D46DE8}") = "Payment", "Payment", "{FBB47603-FF99-4718-9F0D-4BB02E9F99EB}"
EndProject
Project("{2150E333-8FDC-42A3-9474-1A3956D46DE8}") = "Stock", "Stock", "{BB018439-9283-484F-BF38-7097660FB591}"
EndProject
Project("{2150E333-8FDC-42A3-9474-1A3956D46DE8}") = "Notification", "Notification", "{324AAE56-4C19-4D8D-9CE0-88BFDED8F40D}"
EndProject
Project("{FAE04EC0-301F-11D3-BF4B-00C04F79EFBC}") = "EShop.Catalog.API", "src\Services\Catalog\EShop.Catalog.API\EShop.Catalog.API.csproj", "{0B744114-1982-42D7-B7A5-B251B0D64DB7}"
EndProject
Project("{FAE04EC0-301F-11D3-BF4B-00C04F79EFBC}") = "EShop.Catalog.Infrastructure", "src\Services\Catalog\EShop.Catalog.Infrastructure\EShop.Catalog.Infrastructure.csproj", "{C8F000CE-39A2-4FC9-997D-1DD95B9BECAA}"
EndProject
Project("{FAE04EC0-301F-11D3-BF4B-00C04F79EFBC}") = "EShop.Catalog.Application", "src\Services\Catalog\EShop.Catalog.Application\EShop.Catalog.Application.csproj", "{04509A32-93B6-40C7-8AB0-6FB35848F992}"
EndProject
Project("{FAE04EC0-301F-11D3-BF4B-00C04F79EFBC}") = "EShop.Catalog.Domain", "src\Services\Catalog\EShop.Catalog.Domain\EShop.Catalog.Domain.csproj", "{E148EB53-B8B1-450F-95C2-EC8BB368483E}"
EndProject
Project("{2150E333-8FDC-42A3-9474-1A3956D46DE8}") = "Shared", "Shared", "{05525EBE-AF89-4B12-8DAC-3C9A2FF17F97}"
EndProject
Project("{FAE04EC0-301F-11D3-BF4B-00C04F79EFBC}") = "EShop.Shared.SharedLibrary", "src\Shared\EShop.Shared.SharedLibrary\EShop.Shared.SharedLibrary.csproj", "{87A3B058-BB9D-4E61-87ED-58EC294B499B}"
EndProject
Project("{FAE04EC0-301F-11D3-BF4B-00C04F79EFBC}") = "EShop.EventBus", "src\Shared\EShop.EventBus\EShop.EventBus.csproj", "{BDA31AF0-BF47-440E-B67C-59E67E29897B}"
EndProject
Project("{FAE04EC0-301F-11D3-BF4B-00C04F79EFBC}") = "EShop.Basket.API", "src\Services\Basket\EShop.Basket.API\EShop.Basket.API.csproj", "{3550BE52-FFD0-4732-B4F5-85FF43D8AD4B}"
EndProject
Project("{FAE04EC0-301F-11D3-BF4B-00C04F79EFBC}") = "EShop.Basket.Infrastructure", "src\Services\Basket\EShop.Basket.Infrastructure\EShop.Basket.Infrastructure.csproj", "{7C6FF482-137D-48D1-B806-AD567C805494}"
EndProject
Project("{FAE04EC0-301F-11D3-BF4B-00C04F79EFBC}") = "EShop.Order.API", "src\Services\Order\EShop.Order.API\EShop.Order.API.csproj", "{CBCD2B7C-F804-4A12-BF0D-31AF59CD0BC2}"
EndProject
Project("{FAE04EC0-301F-11D3-BF4B-00C04F79EFBC}") = "EShop.Orders.Infrastructure", "src\Services\Order\EShop.Orders.Infrastructure\EShop.Orders.Infrastructure.csproj", "{0827095F-E8E4-466F-BFF4-5C1E12121B1D}"
EndProject
Project("{2150E333-8FDC-42A3-9474-1A3956D46DE8}") = "Notes", "Notes", "{80B9F1C7-3A1A-43CA-90D2-6CE624051DFF}"
	ProjectSection(SolutionItems) = preProject
		Endpoints.txt = Endpoints.txt
		EventFlow.txt = EventFlow.txt
		MessagingPatterns.txt = MessagingPatterns.txt
	EndProjectSection
EndProject
Project("{FAE04EC0-301F-11D3-BF4B-00C04F79EFBC}") = "EShop.Stock.API", "src\Services\Stock\EShop.Stock.API\EShop.Stock.API.csproj", "{05DA4F3C-8059-49BC-9298-831612B928C1}"
EndProject
Project("{FAE04EC0-301F-11D3-BF4B-00C04F79EFBC}") = "EShop.Payment.API", "src\Services\Payment\EShop.Payment.API\EShop.Payment.API.csproj", "{BCE2A862-E0DA-475B-8AA9-E63E54B79396}"
EndProject
Project("{2150E333-8FDC-42A3-9474-1A3956D46DE8}") = "ApiGateways", "ApiGateways", "{9A2BCC08-4F88-407E-A13D-3C152C4F8E88}"
EndProject
Project("{FAE04EC0-301F-11D3-BF4B-00C04F79EFBC}") = "EShop.ApiGateways.YARP", "src\ApiGateways\EShop.ApiGateways.YARP\EShop.ApiGateways.YARP.csproj", "{8B79074C-965C-46AC-87DB-018EE9CDD3EC}"
EndProject
Project("{E53339B2-1760-4266-BCC7-CA923CBCF16C}") = "docker-compose", "docker-compose.dcproj", "{DD22F0D6-2422-4786-A77B-87B6E107975D}"
EndProject
Global
	GlobalSection(SolutionConfigurationPlatforms) = preSolution
		Debug|Any CPU = Debug|Any CPU
		Release|Any CPU = Release|Any CPU
	EndGlobalSection
	GlobalSection(ProjectConfigurationPlatforms) = postSolution
		{0B744114-1982-42D7-B7A5-B251B0D64DB7}.Debug|Any CPU.ActiveCfg = Debug|Any CPU
		{0B744114-1982-42D7-B7A5-B251B0D64DB7}.Debug|Any CPU.Build.0 = Debug|Any CPU
		{0B744114-1982-42D7-B7A5-B251B0D64DB7}.Release|Any CPU.ActiveCfg = Release|Any CPU
		{0B744114-1982-42D7-B7A5-B251B0D64DB7}.Release|Any CPU.Build.0 = Release|Any CPU
		{C8F000CE-39A2-4FC9-997D-1DD95B9BECAA}.Debug|Any CPU.ActiveCfg = Debug|Any CPU
		{C8F000CE-39A2-4FC9-997D-1DD95B9BECAA}.Debug|Any CPU.Build.0 = Debug|Any CPU
		{C8F000CE-39A2-4FC9-997D-1DD95B9BECAA}.Release|Any CPU.ActiveCfg = Release|Any CPU
		{C8F000CE-39A2-4FC9-997D-1DD95B9BECAA}.Release|Any CPU.Build.0 = Release|Any CPU
		{04509A32-93B6-40C7-8AB0-6FB35848F992}.Debug|Any CPU.ActiveCfg = Debug|Any CPU
		{04509A32-93B6-40C7-8AB0-6FB35848F992}.Debug|Any CPU.Build.0 = Debug|Any CPU
		{04509A32-93B6-40C7-8AB0-6FB35848F992}.Release|Any CPU.ActiveCfg = Release|Any CPU
		{04509A32-93B6-40C7-8AB0-6FB35848F992}.Release|Any CPU.Build.0 = Release|Any CPU
		{E148EB53-B8B1-450F-95C2-EC8BB368483E}.Debug|Any CPU.ActiveCfg = Debug|Any CPU
		{E148EB53-B8B1-450F-95C2-EC8BB368483E}.Debug|Any CPU.Build.0 = Debug|Any CPU
		{E148EB53-B8B1-450F-95C2-EC8BB368483E}.Release|Any CPU.ActiveCfg = Release|Any CPU
		{E148EB53-B8B1-450F-95C2-EC8BB368483E}.Release|Any CPU.Build.0 = Release|Any CPU
		{87A3B058-BB9D-4E61-87ED-58EC294B499B}.Debug|Any CPU.ActiveCfg = Debug|Any CPU
		{87A3B058-BB9D-4E61-87ED-58EC294B499B}.Debug|Any CPU.Build.0 = Debug|Any CPU
		{87A3B058-BB9D-4E61-87ED-58EC294B499B}.Release|Any CPU.ActiveCfg = Release|Any CPU
		{87A3B058-BB9D-4E61-87ED-58EC294B499B}.Release|Any CPU.Build.0 = Release|Any CPU
		{BDA31AF0-BF47-440E-B67C-59E67E29897B}.Debug|Any CPU.ActiveCfg = Debug|Any CPU
		{BDA31AF0-BF47-440E-B67C-59E67E29897B}.Debug|Any CPU.Build.0 = Debug|Any CPU
		{BDA31AF0-BF47-440E-B67C-59E67E29897B}.Release|Any CPU.ActiveCfg = Release|Any CPU
		{BDA31AF0-BF47-440E-B67C-59E67E29897B}.Release|Any CPU.Build.0 = Release|Any CPU
		{3550BE52-FFD0-4732-B4F5-85FF43D8AD4B}.Debug|Any CPU.ActiveCfg = Debug|Any CPU
		{3550BE52-FFD0-4732-B4F5-85FF43D8AD4B}.Debug|Any CPU.Build.0 = Debug|Any CPU
		{3550BE52-FFD0-4732-B4F5-85FF43D8AD4B}.Release|Any CPU.ActiveCfg = Release|Any CPU
		{3550BE52-FFD0-4732-B4F5-85FF43D8AD4B}.Release|Any CPU.Build.0 = Release|Any CPU
		{7C6FF482-137D-48D1-B806-AD567C805494}.Debug|Any CPU.ActiveCfg = Debug|Any CPU
		{7C6FF482-137D-48D1-B806-AD567C805494}.Debug|Any CPU.Build.0 = Debug|Any CPU
		{7C6FF482-137D-48D1-B806-AD567C805494}.Release|Any CPU.ActiveCfg = Release|Any CPU
		{7C6FF482-137D-48D1-B806-AD567C805494}.Release|Any CPU.Build.0 = Release|Any CPU
		{CBCD2B7C-F804-4A12-BF0D-31AF59CD0BC2}.Debug|Any CPU.ActiveCfg = Debug|Any CPU
		{CBCD2B7C-F804-4A12-BF0D-31AF59CD0BC2}.Debug|Any CPU.Build.0 = Debug|Any CPU
		{CBCD2B7C-F804-4A12-BF0D-31AF59CD0BC2}.Release|Any CPU.ActiveCfg = Release|Any CPU
		{CBCD2B7C-F804-4A12-BF0D-31AF59CD0BC2}.Release|Any CPU.Build.0 = Release|Any CPU
		{0827095F-E8E4-466F-BFF4-5C1E12121B1D}.Debug|Any CPU.ActiveCfg = Debug|Any CPU
		{0827095F-E8E4-466F-BFF4-5C1E12121B1D}.Debug|Any CPU.Build.0 = Debug|Any CPU
		{0827095F-E8E4-466F-BFF4-5C1E12121B1D}.Release|Any CPU.ActiveCfg = Release|Any CPU
		{0827095F-E8E4-466F-BFF4-5C1E12121B1D}.Release|Any CPU.Build.0 = Release|Any CPU
		{05DA4F3C-8059-49BC-9298-831612B928C1}.Debug|Any CPU.ActiveCfg = Debug|Any CPU
		{05DA4F3C-8059-49BC-9298-831612B928C1}.Debug|Any CPU.Build.0 = Debug|Any CPU
		{05DA4F3C-8059-49BC-9298-831612B928C1}.Release|Any CPU.ActiveCfg = Release|Any CPU
		{05DA4F3C-8059-49BC-9298-831612B928C1}.Release|Any CPU.Build.0 = Release|Any CPU
		{BCE2A862-E0DA-475B-8AA9-E63E54B79396}.Debug|Any CPU.ActiveCfg = Debug|Any CPU
		{BCE2A862-E0DA-475B-8AA9-E63E54B79396}.Debug|Any CPU.Build.0 = Debug|Any CPU
		{BCE2A862-E0DA-475B-8AA9-E63E54B79396}.Release|Any CPU.ActiveCfg = Release|Any CPU
		{BCE2A862-E0DA-475B-8AA9-E63E54B79396}.Release|Any CPU.Build.0 = Release|Any CPU
		{8B79074C-965C-46AC-87DB-018EE9CDD3EC}.Debug|Any CPU.ActiveCfg = Debug|Any CPU
		{8B79074C-965C-46AC-87DB-018EE9CDD3EC}.Debug|Any CPU.Build.0 = Debug|Any CPU
		{8B79074C-965C-46AC-87DB-018EE9CDD3EC}.Release|Any CPU.ActiveCfg = Release|Any CPU
		{8B79074C-965C-46AC-87DB-018EE9CDD3EC}.Release|Any CPU.Build.0 = Release|Any CPU
		{DD22F0D6-2422-4786-A77B-87B6E107975D}.Debug|Any CPU.ActiveCfg = Debug|Any CPU
		{DD22F0D6-2422-4786-A77B-87B6E107975D}.Debug|Any CPU.Build.0 = Debug|Any CPU
		{DD22F0D6-2422-4786-A77B-87B6E107975D}.Release|Any CPU.ActiveCfg = Release|Any CPU
		{DD22F0D6-2422-4786-A77B-87B6E107975D}.Release|Any CPU.Build.0 = Release|Any CPU
	EndGlobalSection
	GlobalSection(SolutionProperties) = preSolution
		HideSolutionNode = FALSE
	EndGlobalSection
	GlobalSection(NestedProjects) = preSolution
		{3EF4639D-14FA-4CEE-BAA0-E00D00E2A1C9} = {5735E130-3A18-4C08-B0C1-1DFADCDE4B75}
		{2C555B37-D8FE-4880-B007-4A90CFAC8333} = {3EF4639D-14FA-4CEE-BAA0-E00D00E2A1C9}
		{11AB041E-C664-4D54-93FB-22D568839E85} = {3EF4639D-14FA-4CEE-BAA0-E00D00E2A1C9}
		{B7792167-B61F-4A60-92E2-C1DC5A03352C} = {3EF4639D-14FA-4CEE-BAA0-E00D00E2A1C9}
		{FBB47603-FF99-4718-9F0D-4BB02E9F99EB} = {3EF4639D-14FA-4CEE-BAA0-E00D00E2A1C9}
		{BB018439-9283-484F-BF38-7097660FB591} = {3EF4639D-14FA-4CEE-BAA0-E00D00E2A1C9}
		{324AAE56-4C19-4D8D-9CE0-88BFDED8F40D} = {3EF4639D-14FA-4CEE-BAA0-E00D00E2A1C9}
		{0B744114-1982-42D7-B7A5-B251B0D64DB7} = {2C555B37-D8FE-4880-B007-4A90CFAC8333}
		{C8F000CE-39A2-4FC9-997D-1DD95B9BECAA} = {2C555B37-D8FE-4880-B007-4A90CFAC8333}
		{04509A32-93B6-40C7-8AB0-6FB35848F992} = {2C555B37-D8FE-4880-B007-4A90CFAC8333}
		{E148EB53-B8B1-450F-95C2-EC8BB368483E} = {2C555B37-D8FE-4880-B007-4A90CFAC8333}
		{05525EBE-AF89-4B12-8DAC-3C9A2FF17F97} = {5735E130-3A18-4C08-B0C1-1DFADCDE4B75}
		{87A3B058-BB9D-4E61-87ED-58EC294B499B} = {05525EBE-AF89-4B12-8DAC-3C9A2FF17F97}
		{BDA31AF0-BF47-440E-B67C-59E67E29897B} = {05525EBE-AF89-4B12-8DAC-3C9A2FF17F97}
		{3550BE52-FFD0-4732-B4F5-85FF43D8AD4B} = {11AB041E-C664-4D54-93FB-22D568839E85}
		{7C6FF482-137D-48D1-B806-AD567C805494} = {11AB041E-C664-4D54-93FB-22D568839E85}
		{CBCD2B7C-F804-4A12-BF0D-31AF59CD0BC2} = {B7792167-B61F-4A60-92E2-C1DC5A03352C}
		{0827095F-E8E4-466F-BFF4-5C1E12121B1D} = {B7792167-B61F-4A60-92E2-C1DC5A03352C}
		{80B9F1C7-3A1A-43CA-90D2-6CE624051DFF} = {5735E130-3A18-4C08-B0C1-1DFADCDE4B75}
		{05DA4F3C-8059-49BC-9298-831612B928C1} = {BB018439-9283-484F-BF38-7097660FB591}
		{BCE2A862-E0DA-475B-8AA9-E63E54B79396} = {FBB47603-FF99-4718-9F0D-4BB02E9F99EB}
		{9A2BCC08-4F88-407E-A13D-3C152C4F8E88} = {5735E130-3A18-4C08-B0C1-1DFADCDE4B75}
		{8B79074C-965C-46AC-87DB-018EE9CDD3EC} = {9A2BCC08-4F88-407E-A13D-3C152C4F8E88}
	EndGlobalSection
EndGlobal
